// !$*UTF8*$!
{
	archiveVersion = 1;
	classes = {
	};
	objectVersion = 56;
	objects = {

/* Begin PBXBuildFile section */
		A1B2C3D4E5F60001 /* AppDelegate.swift in Sources */ = {isa = PBXBuildFile; fileRef = A1B2C3D4E5F60002 /* AppDelegate.swift */; };
		A1B2C3D4E5F60003 /* InstallerLogic.swift in Sources */ = {isa = PBXBuildFile; fileRef = A1B2C3D4E5F60004 /* InstallerLogic.swift */; };
		A1B2C3D4E5F60020 /* main.swift in Sources */ = {isa = PBXBuildFile; fileRef = A1B2C3D4E5F60021 /* main.swift */; };
		A1B2C3D4E5F60007 /* AppKit.framework in Frameworks */ = {isa = PBXBuildFile; fileRef = A1B2C3D4E5F60008 /* AppKit.framework */; };
		A1B2C3D4E5F60009 /* Foundation.framework in Frameworks */ = {isa = PBXBuildFile; fileRef = A1B2C3D4E5F6000A /* Foundation.framework */; };
/* End PBXBuildFile section */

/* Begin PBXFileReference section */
		A1B2C3D4E5F60002 /* AppDelegate.swift */ = {isa = PBXFileReference; lastKnownFileType = sourcecode.swift; path = AppDelegate.swift; sourceTree = "<group>"; };
		A1B2C3D4E5F60004 /* InstallerLogic.swift */ = {isa = PBXFileReference; lastKnownFileType = sourcecode.swift; path = InstallerLogic.swift; sourceTree = "<group>"; };
		A1B2C3D4E5F6000B /* GameSave Installer.app */ = {isa = PBXFileReference; explicitFileType = wrapper.application; includeInIndex = 0; path = "GameSave Installer.app"; sourceTree = BUILT_PRODUCTS_DIR; };
		A1B2C3D4E5F6000E /* Info.plist */ = {isa = PBXFileReference; lastKnownFileType = text.plist.xml; path = Info.plist; sourceTree = "<group>"; };
		A1B2C3D4E5F60021 /* main.swift */ = {isa = PBXFileReference; lastKnownFileType = sourcecode.swift; path = main.swift; sourceTree = "<group>"; };
/* End PBXFileReference section */

/* Begin PBXFrameworksBuildPhase section */
		A1B2C3D4E5F6000C /* Frameworks */ = {
			isa = PBXFrameworksBuildPhase;
			buildActionMask = 2147483647;
			files = (
				A1B2C3D4E5F60007 /* AppKit.framework in Frameworks */,
				A1B2C3D4E5F60009 /* Foundation.framework in Frameworks */,
			);
			runOnlyForDeploymentPostprocessing = 0;
		};
/* End PBXFrameworksBuildPhase section */

/* Begin PBXGroup section */
		A1B2C3D4E5F6000D /* GameSave Installer */ = {
			isa = PBXGroup;
			children = (
				A1B2C3D4E5F60021 /* main.swift */,
				A1B2C3D4E5F60002 /* AppDelegate.swift */,
				A1B2C3D4E5F60004 /* InstallerLogic.swift */,
				A1B2C3D4E5F6000E /* Info.plist */,
			);
			path = "GameSave Installer";
			sourceTree = "<group>";
		};
		A1B2C3D4E5F6000F /* Products */ = {
			isa = PBXGroup;
			children = (
				A1B2C3D4E5F6000B /* GameSave Installer.app */,
			);
			name = Products;
			sourceTree = "<group>";
		};
		A1B2C3D4E5F60010 /* Frameworks */ = {
			isa = PBXGroup;
			children = (
				A1B2C3D4E5F60008 /* AppKit.framework */,
				A1B2C3D4E5F6000A /* Foundation.framework */,
			);
			name = Frameworks;
			sourceTree = "<group>";
		};
		A1B2C3D4E5F60017 = {
			isa = PBXGroup;
			children = (
				A1B2C3D4E5F6000D /* GameSave Installer */,
				A1B2C3D4E5F6000F /* Products */,
				A1B2C3D4E5F60010 /* Frameworks */,
			);
			sourceTree = "<group>";
		};
/* End PBXGroup section */

/* Begin PBXNativeTarget section */
		A1B2C3D4E5F60011 /* GameSave Installer */ = {
			isa = PBXNativeTarget;
			buildConfigurationList = A1B2C3D4E5F60014 /* Build configuration list for PBXNativeTarget "GameSave Installer" */;
			buildPhases = (
				A1B2C3D4E5F60012 /* Sources */,
				A1B2C3D4E5F6000C /* Frameworks */,
				A1B2C3D4E5F60013 /* Resources */,
			);
			buildRules = (
			);
			dependencies = (
			);
			name = "GameSave Installer";
			productName = "GameSave Installer";
			productReference = A1B2C3D4E5F6000B /* GameSave Installer.app */;
			productType = "com.apple.product-type.application";
		};
/* End PBXNativeTarget section */

/* Begin PBXProject section */
		A1B2C3D4E5F60015 /* Project object */ = {
			isa = PBXProject;
			attributes = {
				BuildIndependentTargetsInParallel = 1;
				LastSwiftUpdateCheck = 1500;
				LastUpgradeCheck = 1500;
			};
			buildConfigurationList = A1B2C3D4E5F60016 /* Build configuration list for PBXProject "GameSave Installer" */;
			compatibilityVersion = "Xcode 14.0";
			developmentRegion = en;
			hasScannedForEncodings = 0;
			knownRegions = (
				en,
				Base,
			);
			mainGroup = A1B2C3D4E5F60017;
			productRefGroup = A1B2C3D4E5F6000F /* Products */;
			projectDirPath = "";
			projectRoot = "";
			targets = (
				A1B2C3D4E5F60011 /* GameSave Installer */,
			);
		};
/* End PBXProject section */

/* Begin PBXResourcesBuildPhase section */
		A1B2C3D4E5F60013 /* Resources */ = {
			isa = PBXResourcesBuildPhase;
			buildActionMask = 2147483647;
			files = (
			);
			runOnlyForDeploymentPostprocessing = 0;
		};
/* End PBXResourcesBuildPhase section */

/* Begin PBXSourcesBuildPhase section */
		A1B2C3D4E5F60012 /* Sources */ = {
			isa = PBXSourcesBuildPhase;
			buildActionMask = 2147483647;
			files = (
				A1B2C3D4E5F60020 /* main.swift in Sources */,
				A1B2C3D4E5F60001 /* AppDelegate.swift in Sources */,
				A1B2C3D4E5F60003 /* InstallerLogic.swift in Sources */,
			);
			runOnlyForDeploymentPostprocessing = 0;
		};
/* End PBXSourcesBuildPhase section */

/* Begin XCBuildConfiguration section */
		A1B2C3D4E5F60018 /* Debug */ = {
			isa = XCBuildConfiguration;
			buildSettings = {
				ALWAYS_SEARCH_USER_PATHS = NO;
				ASSETCATALOG_COMPILER_GENERATE_SWIFT_ASSET_SYMBOL_EXTENSIONS = YES;
				CLANG_ENABLE_MODULES = YES;
				CLANG_ENABLE_OBJC_ARC = YES;
				COPY_PHASE_STRIP = NO;
				DEBUG_INFORMATION_FORMAT = dwarf;
				ENABLE_STRICT_OBJC_MSGSEND = YES;
				ENABLE_TESTABILITY = YES;
				GCC_DYNAMIC_NO_PIC = NO;
				GCC_OPTIMIZATION_LEVEL = 0;
				GCC_PREPROCESSOR_DEFINITIONS = (
					"DEBUG=1",
					"$(inherited)",
				);
				MACOSX_DEPLOYMENT_TARGET = 12.0;
				MTL_ENABLE_DEBUG_INFO = INCLUDE_SOURCE;
				MTL_FAST_MATH = YES;
				ONLY_ACTIVE_ARCH = YES;
				SDKROOT = macosx;
				SWIFT_ACTIVE_COMPILATION_CONDITIONS = "DEBUG $(inherited)";
				SWIFT_OPTIMIZATION_LEVEL = "-Onone";
			};
			name = Debug;
		};
		A1B2C3D4E5F60019 /* Release */ = {
			isa = XCBuildConfiguration;
			buildSettings = {
				ALWAYS_SEARCH_USER_PATHS = NO;
				ASSETCATALOG_COMPILER_GENERATE_SWIFT_ASSET_SYMBOL_EXTENSIONS = YES;
				CLANG_ENABLE_MODULES = YES;
				CLANG_ENABLE_OBJC_ARC = YES;
				COPY_PHASE_STRIP = NO;
				DEBUG_INFORMATION_FORMAT = "dwarf-with-dsym";
				ENABLE_NS_ASSERTIONS = NO;
				ENABLE_STRICT_OBJC_MSGSEND = YES;
				GCC_OPTIMIZATION_LEVEL = s;
				MACOSX_DEPLOYMENT_TARGET = 12.0;
				MTL_ENABLE_DEBUG_INFO = NO;
				MTL_FAST_MATH = YES;
				SDKROOT = macosx;
				SWIFT_COMPILATION_MODE = wholemodule;
			};
			name = Release;
		};
		A1B2C3D4E5F6001A /* Debug */ = {
			isa = XCBuildConfiguration;
			buildSettings = {
				ASSETCATALOG_COMPILER_APPICON_NAME = "";
				ASSETCATALOG_COMPILER_GLOBAL_ACCENT_COLOR_NAME = "";
				CODE_SIGN_ENTITLEMENTS = "";
				CODE_SIGN_STYLE = Automatic;
				COMBINE_HIDPI_IMAGES = YES;
				CURRENT_PROJECT_VERSION = 1;
				DEVELOPMENT_ASSET_PATHS = "";
				ENABLE_PREVIEWS = NO;
				GENERATE_INFOPLIST_FILE = NO;
				INFOPLIST_FILE = "GameSave Installer/Info.plist";
				INFOPLIST_KEY_NSHumanReadableCopyright = "Copyright © GameSave. All rights reserved.";
				LD_RUNPATH_SEARCH_PATHS = (
					"$(inherited)",
					"@executable_path/../Frameworks",
				);
				MARKETING_VERSION = 1.0.0;
				PRODUCT_BUNDLE_IDENTIFIER = com.gamesave.installer;
				PRODUCT_NAME = "GameSave Installer";
				SWIFT_EMIT_LOC_STRINGS = YES;
				SWIFT_VERSION = 5.0;
			};
			name = Debug;
		};
		A1B2C3D4E5F6001B /* Release */ = {
			isa = XCBuildConfiguration;
			buildSettings = {
				ASSETCATALOG_COMPILER_APPICON_NAME = "";
				ASSETCATALOG_COMPILER_GLOBAL_ACCENT_COLOR_NAME = "";
				CODE_SIGN_ENTITLEMENTS = "";
				CODE_SIGN_STYLE = Automatic;
				COMBINE_HIDPI_IMAGES = YES;
				CURRENT_PROJECT_VERSION = 1;
				DEVELOPMENT_ASSET_PATHS = "";
				ENABLE_PREVIEWS = NO;
				GENERATE_INFOPLIST_FILE = NO;
				INFOPLIST_FILE = "GameSave Installer/Info.plist";
				INFOPLIST_KEY_NSHumanReadableCopyright = "Copyright © GameSave. All rights reserved.";
				LD_RUNPATH_SEARCH_PATHS = (
					"$(inherited)",
					"@executable_path/../Frameworks",
				);
				MARKETING_VERSION = 1.0.0;
				PRODUCT_BUNDLE_IDENTIFIER = com.gamesave.installer;
				PRODUCT_NAME = "GameSave Installer";
				SWIFT_EMIT_LOC_STRINGS = YES;
				SWIFT_VERSION = 5.0;
			};
			name = Release;
		};
/* End XCBuildConfiguration section */

/* Begin XCConfigurationList section */
		A1B2C3D4E5F60014 /* Build configuration list for PBXNativeTarget "GameSave Installer" */ = {
			isa = XCConfigurationList;
			buildConfigurations = (
				A1B2C3D4E5F6001A /* Debug */,
				A1B2C3D4E5F6001B /* Release */,
			);
			defaultConfigurationIsVisible = 0;
			defaultConfigurationName = Release;
		};
		A1B2C3D4E5F60016 /* Build configuration list for PBXProject "GameSave Installer" */ = {
			isa = XCConfigurationList;
			buildConfigurations = (
				A1B2C3D4E5F60018 /* Debug */,
				A1B2C3D4E5F60019 /* Release */,
			);
			defaultConfigurationIsVisible = 0;
			defaultConfigurationName = Release;
		};
/* End XCConfigurationList section */
	};
	rootObject = A1B2C3D4E5F60015 /* Project object */;
}
